
Microsoft Visual Studio Solution File, Format Version 12.00
# Visual Studio Version 17
VisualStudioVersion = 17.7.34221.43
MinimumVisualStudioVersion = 10.0.40219.1
Project("{9A19103F-16F7-4668-BE54-9A1E7A4F7556}") = "C#_OOP_HW008_SnowBalls_r00", "C#_OOP_HW008_SnowBalls_r00.csproj", "{EA2151AF-1236-449F-8414-120323076A04}"
EndProject
Project("{9A19103F-16F7-4668-BE54-9A1E7A4F7556}") = "Lib_SnowBalls", "..\Lib_SnowBalls\Lib_SnowBalls.csproj", "{E7E3EF6C-CF3F-4131-A160-91F6B74138E3}"
EndProject
Global
	GlobalSection(SolutionConfigurationPlatforms) = preSolution
		Debug|Any CPU = Debug|Any CPU
		Release|Any CPU = Release|Any CPU
	EndGlobalSection
	GlobalSection(ProjectConfigurationPlatforms) = postSolution
		{EA2151AF-1236-449F-8414-120323076A04}.Debug|Any CPU.ActiveCfg = Debug|Any CPU
		{EA2151AF-1236-449F-8414-120323076A04}.Debug|Any CPU.Build.0 = Debug|Any CPU
		{EA2151AF-1236-449F-8414-120323076A04}.Release|Any CPU.ActiveCfg = Release|Any CPU
		{EA2151AF-1236-449F-8414-120323076A04}.Release|Any CPU.Build.0 = Release|Any CPU
		{E7E3EF6C-CF3F-4131-A160-91F6B74138E3}.Debug|Any CPU.ActiveCfg = Debug|Any CPU
		{E7E3EF6C-CF3F-4131-A160-91F6B74138E3}.Debug|Any CPU.Build.0 = Debug|Any CPU
		{E7E3EF6C-CF3F-4131-A160-91F6B74138E3}.Release|Any CPU.ActiveCfg = Release|Any CPU
		{E7E3EF6C-CF3F-4131-A160-91F6B74138E3}.Release|Any CPU.Build.0 = Release|Any CPU
	EndGlobalSection
	GlobalSection(SolutionProperties) = preSolution
		HideSolutionNode = FALSE
	EndGlobalSection
	GlobalSection(ExtensibilityGlobals) = postSolution
		SolutionGuid = {7ACB30C8-0383-40A1-81E9-EDE682EA5DF5}
	EndGlobalSection
EndGlobal
